
Microsoft Visual Studio Solution File, Format Version 12.00
# Visual Studio 15
VisualStudioVersion = 15.0.28307.645
MinimumVisualStudioVersion = 10.0.40219.1
Project("{FAE04EC0-301F-11D3-BF4B-00C04F79EFBC}") = "SwitchRCSConfig", "SwitchRCSConfig\SwitchRCSConfig.csproj", "{BC058FD8-C0C8-4B06-992A-FC371ABE5813}"
EndProject
Global
	GlobalSection(SolutionConfigurationPlatforms) = preSolution
		Debug|Any CPU = Debug|Any CPU
		Release|Any CPU = Release|Any CPU
	EndGlobalSection
	GlobalSection(ProjectConfigurationPlatforms) = postSolution
		{BC058FD8-C0C8-4B06-992A-FC371ABE5813}.Debug|Any CPU.ActiveCfg = Debug|Any CPU
		{BC058FD8-C0C8-4B06-992A-FC371ABE5813}.Debug|Any CPU.Build.0 = Debug|Any CPU
		{BC058FD8-C0C8-4B06-992A-FC371ABE5813}.Release|Any CPU.ActiveCfg = Release|Any CPU
		{BC058FD8-C0C8-4B06-992A-FC371ABE5813}.Release|Any CPU.Build.0 = Release|Any CPU
	EndGlobalSection
	GlobalSection(SolutionProperties) = preSolution
		HideSolutionNode = FALSE
	EndGlobalSection
	GlobalSection(ExtensibilityGlobals) = postSolution
		SolutionGuid = {A741C6A8-39EC-4321-BA2D-76506C12FE1D}
	EndGlobalSection
EndGlobal
